
Microsoft Visual Studio Solution File, Format Version 12.00
# Visual Studio Version 17
VisualStudioVersion = 17.9.34723.18
MinimumVisualStudioVersion = 10.0.40219.1
Project("{FAE04EC0-301F-11D3-BF4B-00C04F79EFBC}") = "testapp", "testapp.csproj", "{9EB65F44-9A7E-4AE1-914F-8DFD4E824617}"
EndProject
Global
	GlobalSection(SolutionConfigurationPlatforms) = preSolution
		Debug|Any CPU = Debug|Any CPU
		Release|Any CPU = Release|Any CPU
	EndGlobalSection
	GlobalSection(ProjectConfigurationPlatforms) = postSolution
		{9EB65F44-9A7E-4AE1-914F-8DFD4E824617}.Debug|Any CPU.ActiveCfg = Debug|Any CPU
		{9EB65F44-9A7E-4AE1-914F-8DFD4E824617}.Debug|Any CPU.Build.0 = Debug|Any CPU
		{9EB65F44-9A7E-4AE1-914F-8DFD4E824617}.Release|Any CPU.ActiveCfg = Release|Any CPU
		{9EB65F44-9A7E-4AE1-914F-8DFD4E824617}.Release|Any CPU.Build.0 = Release|Any CPU
	EndGlobalSection
	GlobalSection(SolutionProperties) = preSolution
		HideSolutionNode = FALSE
	EndGlobalSection
	GlobalSection(ExtensibilityGlobals) = postSolution
		SolutionGuid = {F7949910-F60B-41FF-AC97-B0CE28E072CD}
	EndGlobalSection
EndGlobal
